// !$*UTF8*$!
{
	archiveVersion = 1;
	classes = {
	};
	objectVersion = 77;
	objects = {

/* Begin PBXBuildFile section */
		8BD2304E2D2FC8F500EBDB47 /* AppDelegate.swift in Sources */ = {isa = PBXBuildFile; fileRef = 8BD2304D2D2FC8F500EBDB47 /* AppDelegate.swift */; };
		8BD230502D2FC8F500EBDB47 /* SceneDelegate.swift in Sources */ = {isa = PBXBuildFile; fileRef = 8BD2304F2D2FC8F500EBDB47 /* SceneDelegate.swift */; };
		8BD230532D2FC8F500EBDB47 /* LaunchScreen.storyboard in Resources */ = {isa = PBXBuildFile; fileRef = 8BD230512D2FC8F500EBDB47 /* LaunchScreen.storyboard */; };
		8BD230562D2FC8F500EBDB47 /* Main.storyboard in Resources */ = {isa = PBXBuildFile; fileRef = 8BD230542D2FC8F500EBDB47 /* Main.storyboard */; };
		8BD2305F2D2FC8F500EBDB47 /* AppDelegate.swift in Sources */ = {isa = PBXBuildFile; fileRef = 8BD2305E2D2FC8F500EBDB47 /* AppDelegate.swift */; };
		8BD230622D2FC8F500EBDB47 /* Main.storyboard in Resources */ = {isa = PBXBuildFile; fileRef = 8BD230602D2FC8F500EBDB47 /* Main.storyboard */; };
		8BD2306A2D2FC8F500EBDB47 /* Lirbus Pro do Librusa Extension.appex in Embed Foundation Extensions */ = {isa = PBXBuildFile; fileRef = 8BD230692D2FC8F500EBDB47 /* Lirbus Pro do Librusa Extension.appex */; settings = {ATTRIBUTES = (RemoveHeadersOnCopy, ); }; };
		8BD230742D2FC8F500EBDB47 /* Lirbus Pro do Librusa Extension.appex in Embed Foundation Extensions */ = {isa = PBXBuildFile; fileRef = 8BD230732D2FC8F500EBDB47 /* Lirbus Pro do Librusa Extension.appex */; settings = {ATTRIBUTES = (RemoveHeadersOnCopy, ); }; };
		8BD2307A2D2FC8F500EBDB47 /* Main.html in Resources */ = {isa = PBXBuildFile; fileRef = 8BD2303D2D2FC8F400EBDB47 /* Main.html */; };
		8BD2307B2D2FC8F500EBDB47 /* Main.html in Resources */ = {isa = PBXBuildFile; fileRef = 8BD2303D2D2FC8F400EBDB47 /* Main.html */; };
		8BD2307C2D2FC8F500EBDB47 /* Icon.png in Resources */ = {isa = PBXBuildFile; fileRef = 8BD2303F2D2FC8F400EBDB47 /* Icon.png */; };
		8BD2307D2D2FC8F500EBDB47 /* Icon.png in Resources */ = {isa = PBXBuildFile; fileRef = 8BD2303F2D2FC8F400EBDB47 /* Icon.png */; };
		8BD2307E2D2FC8F500EBDB47 /* Style.css in Resources */ = {isa = PBXBuildFile; fileRef = 8BD230402D2FC8F400EBDB47 /* Style.css */; };
		8BD2307F2D2FC8F500EBDB47 /* Style.css in Resources */ = {isa = PBXBuildFile; fileRef = 8BD230402D2FC8F400EBDB47 /* Style.css */; };
		8BD230802D2FC8F500EBDB47 /* Script.js in Resources */ = {isa = PBXBuildFile; fileRef = 8BD230412D2FC8F400EBDB47 /* Script.js */; };
		8BD230812D2FC8F500EBDB47 /* Script.js in Resources */ = {isa = PBXBuildFile; fileRef = 8BD230412D2FC8F400EBDB47 /* Script.js */; };
		8BD230822D2FC8F500EBDB47 /* ViewController.swift in Sources */ = {isa = PBXBuildFile; fileRef = 8BD230422D2FC8F400EBDB47 /* ViewController.swift */; };
		8BD230832D2FC8F500EBDB47 /* ViewController.swift in Sources */ = {isa = PBXBuildFile; fileRef = 8BD230422D2FC8F400EBDB47 /* ViewController.swift */; };
		8BD230842D2FC8F500EBDB47 /* Assets.xcassets in Resources */ = {isa = PBXBuildFile; fileRef = 8BD230432D2FC8F500EBDB47 /* Assets.xcassets */; };
		8BD230852D2FC8F500EBDB47 /* Assets.xcassets in Resources */ = {isa = PBXBuildFile; fileRef = 8BD230432D2FC8F500EBDB47 /* Assets.xcassets */; };
		8BD230862D2FC8F500EBDB47 /* SafariWebExtensionHandler.swift in Sources */ = {isa = PBXBuildFile; fileRef = 8BD230452D2FC8F500EBDB47 /* SafariWebExtensionHandler.swift */; };
		8BD230872D2FC8F500EBDB47 /* SafariWebExtensionHandler.swift in Sources */ = {isa = PBXBuildFile; fileRef = 8BD230452D2FC8F500EBDB47 /* SafariWebExtensionHandler.swift */; };
		8BD230A92D2FC8F600EBDB47 /* librus.js in Resources */ = {isa = PBXBuildFile; fileRef = 8BD230992D2FC8F600EBDB47 /* librus.js */; };
		8BD230AA2D2FC8F600EBDB47 /* popup.js in Resources */ = {isa = PBXBuildFile; fileRef = 8BD2309A2D2FC8F600EBDB47 /* popup.js */; };
		8BD230AB2D2FC8F600EBDB47 /* changelog.html in Resources */ = {isa = PBXBuildFile; fileRef = 8BD2309B2D2FC8F600EBDB47 /* changelog.html */; };
		8BD230AC2D2FC8F600EBDB47 /* LICENSE in Resources */ = {isa = PBXBuildFile; fileRef = 8BD2309C2D2FC8F600EBDB47 /* LICENSE */; };
		8BD230AD2D2FC8F600EBDB47 /* background.js in Resources */ = {isa = PBXBuildFile; fileRef = 8BD2309D2D2FC8F600EBDB47 /* background.js */; };
		8BD230AE2D2FC8F600EBDB47 /* darkTheme.css in Resources */ = {isa = PBXBuildFile; fileRef = 8BD2309E2D2FC8F600EBDB47 /* darkTheme.css */; };
		8BD230AF2D2FC8F600EBDB47 /* popup.html in Resources */ = {isa = PBXBuildFile; fileRef = 8BD2309F2D2FC8F600EBDB47 /* popup.html */; };
		8BD230B02D2FC8F600EBDB47 /* portal.js in Resources */ = {isa = PBXBuildFile; fileRef = 8BD230A02D2FC8F600EBDB47 /* portal.js */; };
		8BD230B12D2FC8F600EBDB47 /* docs in Resources */ = {isa = PBXBuildFile; fileRef = 8BD230A12D2FC8F600EBDB47 /* docs */; };
		8BD230B22D2FC8F600EBDB47 /* librusPro.js in Resources */ = {isa = PBXBuildFile; fileRef = 8BD230A22D2FC8F600EBDB47 /* librusPro.js */; };
		8BD230B32D2FC8F600EBDB47 /* README.md in Resources */ = {isa = PBXBuildFile; fileRef = 8BD230A32D2FC8F600EBDB47 /* README.md */; };
		8BD230B42D2FC8F600EBDB47 /* img in Resources */ = {isa = PBXBuildFile; fileRef = 8BD230A42D2FC8F600EBDB47 /* img */; };
		8BD230B52D2FC8F600EBDB47 /* librusPro.css in Resources */ = {isa = PBXBuildFile; fileRef = 8BD230A52D2FC8F600EBDB47 /* librusPro.css */; };
		8BD230B62D2FC8F600EBDB47 /* README_en.md in Resources */ = {isa = PBXBuildFile; fileRef = 8BD230A62D2FC8F600EBDB47 /* README_en.md */; };
		8BD230B72D2FC8F600EBDB47 /* manifest.json in Resources */ = {isa = PBXBuildFile; fileRef = 8BD230A72D2FC8F600EBDB47 /* manifest.json */; };
		8BD230B82D2FC8F600EBDB47 /* manifest_ff.json in Resources */ = {isa = PBXBuildFile; fileRef = 8BD230A82D2FC8F600EBDB47 /* manifest_ff.json */; };
		8BD230B92D2FC8F600EBDB47 /* librus.js in Resources */ = {isa = PBXBuildFile; fileRef = 8BD230992D2FC8F600EBDB47 /* librus.js */; };
		8BD230BA2D2FC8F600EBDB47 /* popup.js in Resources */ = {isa = PBXBuildFile; fileRef = 8BD2309A2D2FC8F600EBDB47 /* popup.js */; };
		8BD230BB2D2FC8F600EBDB47 /* changelog.html in Resources */ = {isa = PBXBuildFile; fileRef = 8BD2309B2D2FC8F600EBDB47 /* changelog.html */; };
		8BD230BC2D2FC8F600EBDB47 /* LICENSE in Resources */ = {isa = PBXBuildFile; fileRef = 8BD2309C2D2FC8F600EBDB47 /* LICENSE */; };
		8BD230BD2D2FC8F600EBDB47 /* background.js in Resources */ = {isa = PBXBuildFile; fileRef = 8BD2309D2D2FC8F600EBDB47 /* background.js */; };
		8BD230BE2D2FC8F600EBDB47 /* darkTheme.css in Resources */ = {isa = PBXBuildFile; fileRef = 8BD2309E2D2FC8F600EBDB47 /* darkTheme.css */; };
		8BD230BF2D2FC8F600EBDB47 /* popup.html in Resources */ = {isa = PBXBuildFile; fileRef = 8BD2309F2D2FC8F600EBDB47 /* popup.html */; };
		8BD230C02D2FC8F600EBDB47 /* portal.js in Resources */ = {isa = PBXBuildFile; fileRef = 8BD230A02D2FC8F600EBDB47 /* portal.js */; };
		8BD230C12D2FC8F600EBDB47 /* docs in Resources */ = {isa = PBXBuildFile; fileRef = 8BD230A12D2FC8F600EBDB47 /* docs */; };
		8BD230C22D2FC8F600EBDB47 /* librusPro.js in Resources */ = {isa = PBXBuildFile; fileRef = 8BD230A22D2FC8F600EBDB47 /* librusPro.js */; };
		8BD230C32D2FC8F600EBDB47 /* README.md in Resources */ = {isa = PBXBuildFile; fileRef = 8BD230A32D2FC8F600EBDB47 /* README.md */; };
		8BD230C42D2FC8F600EBDB47 /* img in Resources */ = {isa = PBXBuildFile; fileRef = 8BD230A42D2FC8F600EBDB47 /* img */; };
		8BD230C52D2FC8F600EBDB47 /* librusPro.css in Resources */ = {isa = PBXBuildFile; fileRef = 8BD230A52D2FC8F600EBDB47 /* librusPro.css */; };
		8BD230C62D2FC8F600EBDB47 /* README_en.md in Resources */ = {isa = PBXBuildFile; fileRef = 8BD230A62D2FC8F600EBDB47 /* README_en.md */; };
		8BD230C72D2FC8F600EBDB47 /* manifest.json in Resources */ = {isa = PBXBuildFile; fileRef = 8BD230A72D2FC8F600EBDB47 /* manifest.json */; };
		8BD230C82D2FC8F600EBDB47 /* manifest_ff.json in Resources */ = {isa = PBXBuildFile; fileRef = 8BD230A82D2FC8F600EBDB47 /* manifest_ff.json */; };
/* End PBXBuildFile section */

/* Begin PBXContainerItemProxy section */
		8BD2306B2D2FC8F500EBDB47 /* PBXContainerItemProxy */ = {
			isa = PBXContainerItemProxy;
			containerPortal = 8BD230372D2FC8F400EBDB47 /* Project object */;
			proxyType = 1;
			remoteGlobalIDString = 8BD230682D2FC8F500EBDB47;
			remoteInfo = "Lirbus Pro do Librusa Extension (iOS)";
		};
		8BD230752D2FC8F500EBDB47 /* PBXContainerItemProxy */ = {
			isa = PBXContainerItemProxy;
			containerPortal = 8BD230372D2FC8F400EBDB47 /* Project object */;
			proxyType = 1;
			remoteGlobalIDString = 8BD230722D2FC8F500EBDB47;
			remoteInfo = "Lirbus Pro do Librusa Extension (macOS)";
		};
/* End PBXContainerItemProxy section */

/* Begin PBXCopyFilesBuildPhase section */
		8BD2308D2D2FC8F500EBDB47 /* Embed Foundation Extensions */ = {
			isa = PBXCopyFilesBuildPhase;
			buildActionMask = 2147483647;
			dstPath = "";
			dstSubfolderSpec = 13;
			files = (
				8BD2306A2D2FC8F500EBDB47 /* Lirbus Pro do Librusa Extension.appex in Embed Foundation Extensions */,
			);
			name = "Embed Foundation Extensions";
			runOnlyForDeploymentPostprocessing = 0;
		};
		8BD230942D2FC8F500EBDB47 /* Embed Foundation Extensions */ = {
			isa = PBXCopyFilesBuildPhase;
			buildActionMask = 2147483647;
			dstPath = "";
			dstSubfolderSpec = 13;
			files = (
				8BD230742D2FC8F500EBDB47 /* Lirbus Pro do Librusa Extension.appex in Embed Foundation Extensions */,
			);
			name = "Embed Foundation Extensions";
			runOnlyForDeploymentPostprocessing = 0;
		};
/* End PBXCopyFilesBuildPhase section */

/* Begin PBXFileReference section */
		8B72C4C02D2FD280005F81DD /* pl */ = {isa = PBXFileReference; lastKnownFileType = text.plist.strings; name = pl; path = pl.lproj/LaunchScreen.strings; sourceTree = "<group>"; };
		8B72C4C12D2FD280005F81DD /* pl */ = {isa = PBXFileReference; lastKnownFileType = text.plist.strings; name = pl; path = pl.lproj/Main.strings; sourceTree = "<group>"; };
		8B72C4C22D2FD280005F81DD /* pl */ = {isa = PBXFileReference; lastKnownFileType = text.plist.strings; name = pl; path = pl.lproj/Main.strings; sourceTree = "<group>"; };
		8B72C4C32D2FD280005F81DD /* pl */ = {isa = PBXFileReference; lastKnownFileType = text.html; name = pl; path = pl.lproj/Main.html; sourceTree = "<group>"; };
		8B72C4C42D2FD660005F81DD /* README.md */ = {isa = PBXFileReference; lastKnownFileType = net.daringfireball.markdown; path = README.md; sourceTree = "<group>"; };
		8BD2303E2D2FC8F400EBDB47 /* Base */ = {isa = PBXFileReference; lastKnownFileType = text.html; name = Base; path = Base.lproj/Main.html; sourceTree = "<group>"; };
		8BD2303F2D2FC8F400EBDB47 /* Icon.png */ = {isa = PBXFileReference; lastKnownFileType = image.png; path = Icon.png; sourceTree = "<group>"; };
		8BD230402D2FC8F400EBDB47 /* Style.css */ = {isa = PBXFileReference; lastKnownFileType = text.css; path = Style.css; sourceTree = "<group>"; };
		8BD230412D2FC8F400EBDB47 /* Script.js */ = {isa = PBXFileReference; lastKnownFileType = sourcecode.javascript; path = Script.js; sourceTree = "<group>"; };
		8BD230422D2FC8F400EBDB47 /* ViewController.swift */ = {isa = PBXFileReference; lastKnownFileType = sourcecode.swift; path = ViewController.swift; sourceTree = "<group>"; };
		8BD230432D2FC8F500EBDB47 /* Assets.xcassets */ = {isa = PBXFileReference; lastKnownFileType = folder.assetcatalog; path = Assets.xcassets; sourceTree = "<group>"; };
		8BD230452D2FC8F500EBDB47 /* SafariWebExtensionHandler.swift */ = {isa = PBXFileReference; lastKnownFileType = sourcecode.swift; path = SafariWebExtensionHandler.swift; sourceTree = "<group>"; };
		8BD2304A2D2FC8F500EBDB47 /* Lirbus Pro do Librusa.app */ = {isa = PBXFileReference; explicitFileType = wrapper.application; includeInIndex = 0; path = "Lirbus Pro do Librusa.app"; sourceTree = BUILT_PRODUCTS_DIR; };
		8BD2304D2D2FC8F500EBDB47 /* AppDelegate.swift */ = {isa = PBXFileReference; lastKnownFileType = sourcecode.swift; path = AppDelegate.swift; sourceTree = "<group>"; };
		8BD2304F2D2FC8F500EBDB47 /* SceneDelegate.swift */ = {isa = PBXFileReference; lastKnownFileType = sourcecode.swift; path = SceneDelegate.swift; sourceTree = "<group>"; };
		8BD230522D2FC8F500EBDB47 /* Base */ = {isa = PBXFileReference; lastKnownFileType = file.storyboard; name = Base; path = Base.lproj/LaunchScreen.storyboard; sourceTree = "<group>"; };
		8BD230552D2FC8F500EBDB47 /* Base */ = {isa = PBXFileReference; lastKnownFileType = file.storyboard; name = Base; path = Base.lproj/Main.storyboard; sourceTree = "<group>"; };
		8BD230572D2FC8F500EBDB47 /* Librus Pro do Librusanfo.plist */ = {isa = PBXFileReference; lastKnownFileType = text.plist.xml; path = "Librus Pro do Librusanfo.plist"; sourceTree = "<group>"; };
		8BD2305C2D2FC8F500EBDB47 /* Lirbus Pro do Librusa.app */ = {isa = PBXFileReference; explicitFileType = wrapper.application; includeInIndex = 0; path = "Lirbus Pro do Librusa.app"; sourceTree = BUILT_PRODUCTS_DIR; };
		8BD2305E2D2FC8F500EBDB47 /* AppDelegate.swift */ = {isa = PBXFileReference; lastKnownFileType = sourcecode.swift; path = AppDelegate.swift; sourceTree = "<group>"; };
		8BD230612D2FC8F500EBDB47 /* Base */ = {isa = PBXFileReference; lastKnownFileType = file.storyboard; name = Base; path = Base.lproj/Main.storyboard; sourceTree = "<group>"; };
		8BD230632D2FC8F500EBDB47 /* Librus Pro do Librusanfo.plist */ = {isa = PBXFileReference; lastKnownFileType = text.plist.xml; path = "Librus Pro do Librusanfo.plist"; sourceTree = "<group>"; };
		8BD230642D2FC8F500EBDB47 /* Librus Pro do Librusa.entitlements */ = {isa = PBXFileReference; lastKnownFileType = text.plist.entitlements; path = "Librus Pro do Librusa.entitlements"; sourceTree = "<group>"; };
		8BD230692D2FC8F500EBDB47 /* Lirbus Pro do Librusa Extension.appex */ = {isa = PBXFileReference; explicitFileType = "wrapper.app-extension"; includeInIndex = 0; path = "Lirbus Pro do Librusa Extension.appex"; sourceTree = BUILT_PRODUCTS_DIR; };
		8BD2306E2D2FC8F500EBDB47 /* Librus Pro do Librusanfo.plist */ = {isa = PBXFileReference; lastKnownFileType = text.plist.xml; path = "Librus Pro do Librusanfo.plist"; sourceTree = "<group>"; };
		8BD230732D2FC8F500EBDB47 /* Lirbus Pro do Librusa Extension.appex */ = {isa = PBXFileReference; explicitFileType = "wrapper.app-extension"; includeInIndex = 0; path = "Lirbus Pro do Librusa Extension.appex"; sourceTree = BUILT_PRODUCTS_DIR; };
		8BD230782D2FC8F500EBDB47 /* Info.plist */ = {isa = PBXFileReference; lastKnownFileType = text.plist.xml; path = Info.plist; sourceTree = "<group>"; };
		8BD230792D2FC8F500EBDB47 /* Lirbus Pro do Librusa.entitlements */ = {isa = PBXFileReference; lastKnownFileType = text.plist.entitlements; path = "Lirbus Pro do Librusa.entitlements"; sourceTree = "<group>"; };
		8BD230992D2FC8F600EBDB47 /* librus.js */ = {isa = PBXFileReference; lastKnownFileType = sourcecode.javascript; name = librus.js; path = Resources/librus.js; sourceTree = "<group>"; };
		8BD2309A2D2FC8F600EBDB47 /* popup.js */ = {isa = PBXFileReference; lastKnownFileType = sourcecode.javascript; name = popup.js; path = Resources/popup.js; sourceTree = "<group>"; };
		8BD2309B2D2FC8F600EBDB47 /* changelog.html */ = {isa = PBXFileReference; lastKnownFileType = text.html; name = changelog.html; path = Resources/changelog.html; sourceTree = "<group>"; };
		8BD2309C2D2FC8F600EBDB47 /* LICENSE */ = {isa = PBXFileReference; lastKnownFileType = text; name = LICENSE; path = Resources/LICENSE; sourceTree = "<group>"; };
		8BD2309D2D2FC8F600EBDB47 /* background.js */ = {isa = PBXFileReference; lastKnownFileType = sourcecode.javascript; name = background.js; path = Resources/background.js; sourceTree = "<group>"; };
		8BD2309E2D2FC8F600EBDB47 /* darkTheme.css */ = {isa = PBXFileReference; lastKnownFileType = text.css; name = darkTheme.css; path = Resources/darkTheme.css; sourceTree = "<group>"; };
		8BD2309F2D2FC8F600EBDB47 /* popup.html */ = {isa = PBXFileReference; lastKnownFileType = text.html; name = popup.html; path = Resources/popup.html; sourceTree = "<group>"; };
		8BD230A02D2FC8F600EBDB47 /* portal.js */ = {isa = PBXFileReference; lastKnownFileType = sourcecode.javascript; name = portal.js; path = Resources/portal.js; sourceTree = "<group>"; };
		8BD230A12D2FC8F600EBDB47 /* docs */ = {isa = PBXFileReference; lastKnownFileType = folder; name = docs; path = Resources/docs; sourceTree = "<group>"; };
		8BD230A22D2FC8F600EBDB47 /* librusPro.js */ = {isa = PBXFileReference; lastKnownFileType = sourcecode.javascript; name = librusPro.js; path = Resources/librusPro.js; sourceTree = "<group>"; };
		8BD230A32D2FC8F600EBDB47 /* README.md */ = {isa = PBXFileReference; lastKnownFileType = net.daringfireball.markdown; name = README.md; path = Resources/README.md; sourceTree = "<group>"; };
		8BD230A42D2FC8F600EBDB47 /* img */ = {isa = PBXFileReference; lastKnownFileType = folder; name = img; path = Resources/img; sourceTree = "<group>"; };
		8BD230A52D2FC8F600EBDB47 /* librusPro.css */ = {isa = PBXFileReference; lastKnownFileType = text.css; name = librusPro.css; path = Resources/librusPro.css; sourceTree = "<group>"; };
		8BD230A62D2FC8F600EBDB47 /* README_en.md */ = {isa = PBXFileReference; lastKnownFileType = net.daringfireball.markdown; name = README_en.md; path = Resources/README_en.md; sourceTree = "<group>"; };
		8BD230A72D2FC8F600EBDB47 /* manifest.json */ = {isa = PBXFileReference; lastKnownFileType = text.json; name = manifest.json; path = Resources/manifest.json; sourceTree = "<group>"; };
		8BD230A82D2FC8F600EBDB47 /* manifest_ff.json */ = {isa = PBXFileReference; lastKnownFileType = text.json; name = manifest_ff.json; path = Resources/manifest_ff.json; sourceTree = "<group>"; };
/* End PBXFileReference section */

/* Begin PBXFrameworksBuildPhase section */
		8BD230472D2FC8F500EBDB47 /* Frameworks */ = {
			isa = PBXFrameworksBuildPhase;
			buildActionMask = 2147483647;
			files = (
			);
			runOnlyForDeploymentPostprocessing = 0;
		};
		8BD230592D2FC8F500EBDB47 /* Frameworks */ = {
			isa = PBXFrameworksBuildPhase;
			buildActionMask = 2147483647;
			files = (
			);
			runOnlyForDeploymentPostprocessing = 0;
		};
		8BD230662D2FC8F500EBDB47 /* Frameworks */ = {
			isa = PBXFrameworksBuildPhase;
			buildActionMask = 2147483647;
			files = (
			);
			runOnlyForDeploymentPostprocessing = 0;
		};
		8BD230702D2FC8F500EBDB47 /* Frameworks */ = {
			isa = PBXFrameworksBuildPhase;
			buildActionMask = 2147483647;
			files = (
			);
			runOnlyForDeploymentPostprocessing = 0;
		};
/* End PBXFrameworksBuildPhase section */

/* Begin PBXGroup section */
		8BD230362D2FC8F400EBDB47 = {
			isa = PBXGroup;
			children = (
				8BD2303B2D2FC8F400EBDB47 /* Shared (App) */,
				8BD230442D2FC8F500EBDB47 /* Shared (Extension) */,
				8BD2304C2D2FC8F500EBDB47 /* iOS (App) */,
				8BD2305D2D2FC8F500EBDB47 /* macOS (App) */,
				8BD2306D2D2FC8F500EBDB47 /* iOS (Extension) */,
				8BD230772D2FC8F500EBDB47 /* macOS (Extension) */,
				8BD2304B2D2FC8F500EBDB47 /* Products */,
				8B72C4C42D2FD660005F81DD /* README.md */,
			);
			sourceTree = "<group>";
		};
		8BD2303B2D2FC8F400EBDB47 /* Shared (App) */ = {
			isa = PBXGroup;
			children = (
				8BD230422D2FC8F400EBDB47 /* ViewController.swift */,
				8BD230432D2FC8F500EBDB47 /* Assets.xcassets */,
				8BD2303C2D2FC8F400EBDB47 /* Resources */,
			);
			path = "Shared (App)";
			sourceTree = "<group>";
		};
		8BD2303C2D2FC8F400EBDB47 /* Resources */ = {
			isa = PBXGroup;
			children = (
				8BD2303D2D2FC8F400EBDB47 /* Main.html */,
				8BD2303F2D2FC8F400EBDB47 /* Icon.png */,
				8BD230402D2FC8F400EBDB47 /* Style.css */,
				8BD230412D2FC8F400EBDB47 /* Script.js */,
			);
			path = Resources;
			sourceTree = "<group>";
		};
		8BD230442D2FC8F500EBDB47 /* Shared (Extension) */ = {
			isa = PBXGroup;
			children = (
				8BD230982D2FC8F600EBDB47 /* Resources */,
				8BD230452D2FC8F500EBDB47 /* SafariWebExtensionHandler.swift */,
			);
			path = "Shared (Extension)";
			sourceTree = "<group>";
		};
		8BD2304B2D2FC8F500EBDB47 /* Products */ = {
			isa = PBXGroup;
			children = (
				8BD2304A2D2FC8F500EBDB47 /* Lirbus Pro do Librusa.app */,
				8BD2305C2D2FC8F500EBDB47 /* Lirbus Pro do Librusa.app */,
				8BD230692D2FC8F500EBDB47 /* Lirbus Pro do Librusa Extension.appex */,
				8BD230732D2FC8F500EBDB47 /* Lirbus Pro do Librusa Extension.appex */,
			);
			name = Products;
			sourceTree = "<group>";
		};
		8BD2304C2D2FC8F500EBDB47 /* iOS (App) */ = {
			isa = PBXGroup;
			children = (
				8BD2304D2D2FC8F500EBDB47 /* AppDelegate.swift */,
				8BD2304F2D2FC8F500EBDB47 /* SceneDelegate.swift */,
				8BD230512D2FC8F500EBDB47 /* LaunchScreen.storyboard */,
				8BD230542D2FC8F500EBDB47 /* Main.storyboard */,
				8BD230572D2FC8F500EBDB47 /* Librus Pro do Librusanfo.plist */,
			);
			path = "iOS (App)";
			sourceTree = "<group>";
		};
		8BD2305D2D2FC8F500EBDB47 /* macOS (App) */ = {
			isa = PBXGroup;
			children = (
				8BD2305E2D2FC8F500EBDB47 /* AppDelegate.swift */,
				8BD230602D2FC8F500EBDB47 /* Main.storyboard */,
				8BD230632D2FC8F500EBDB47 /* Librus Pro do Librusanfo.plist */,
				8BD230642D2FC8F500EBDB47 /* Librus Pro do Librusa.entitlements */,
			);
			path = "macOS (App)";
			sourceTree = "<group>";
		};
		8BD2306D2D2FC8F500EBDB47 /* iOS (Extension) */ = {
			isa = PBXGroup;
			children = (
				8BD2306E2D2FC8F500EBDB47 /* Librus Pro do Librusanfo.plist */,
			);
			path = "iOS (Extension)";
			sourceTree = "<group>";
		};
		8BD230772D2FC8F500EBDB47 /* macOS (Extension) */ = {
			isa = PBXGroup;
			children = (
				8BD230782D2FC8F500EBDB47 /* Info.plist */,
				8BD230792D2FC8F500EBDB47 /* Lirbus Pro do Librusa.entitlements */,
			);
			path = "macOS (Extension)";
			sourceTree = "<group>";
		};
		8BD230982D2FC8F600EBDB47 /* Resources */ = {
			isa = PBXGroup;
			children = (
				8BD230992D2FC8F600EBDB47 /* librus.js */,
				8BD2309A2D2FC8F600EBDB47 /* popup.js */,
				8BD2309B2D2FC8F600EBDB47 /* changelog.html */,
				8BD2309C2D2FC8F600EBDB47 /* LICENSE */,
				8BD2309D2D2FC8F600EBDB47 /* background.js */,
				8BD2309E2D2FC8F600EBDB47 /* darkTheme.css */,
				8BD2309F2D2FC8F600EBDB47 /* popup.html */,
				8BD230A02D2FC8F600EBDB47 /* portal.js */,
				8BD230A12D2FC8F600EBDB47 /* docs */,
				8BD230A22D2FC8F600EBDB47 /* librusPro.js */,
				8BD230A32D2FC8F600EBDB47 /* README.md */,
				8BD230A42D2FC8F600EBDB47 /* img */,
				8BD230A52D2FC8F600EBDB47 /* librusPro.css */,
				8BD230A62D2FC8F600EBDB47 /* README_en.md */,
				8BD230A72D2FC8F600EBDB47 /* manifest.json */,
				8BD230A82D2FC8F600EBDB47 /* manifest_ff.json */,
			);
			name = Resources;
			path = "Shared (Extension)";
			sourceTree = SOURCE_ROOT;
		};
/* End PBXGroup section */

/* Begin PBXNativeTarget section */
		8BD230492D2FC8F500EBDB47 /* Lirbus Pro do Librusa (iOS) */ = {
			isa = PBXNativeTarget;
			buildConfigurationList = 8BD2308E2D2FC8F500EBDB47 /* Build configuration list for PBXNativeTarget "Lirbus Pro do Librusa (iOS)" */;
			buildPhases = (
				8BD230462D2FC8F500EBDB47 /* Sources */,
				8BD230472D2FC8F500EBDB47 /* Frameworks */,
				8BD230482D2FC8F500EBDB47 /* Resources */,
				8BD2308D2D2FC8F500EBDB47 /* Embed Foundation Extensions */,
			);
			buildRules = (
			);
			dependencies = (
				8BD2306C2D2FC8F500EBDB47 /* PBXTargetDependency */,
			);
			name = "Lirbus Pro do Librusa (iOS)";
			packageProductDependencies = (
			);
			productName = "Lirbus Pro do Librusa (iOS)";
			productReference = 8BD2304A2D2FC8F500EBDB47 /* Lirbus Pro do Librusa.app */;
			productType = "com.apple.product-type.application";
		};
		8BD2305B2D2FC8F500EBDB47 /* Lirbus Pro do Librusa (macOS) */ = {
			isa = PBXNativeTarget;
			buildConfigurationList = 8BD230952D2FC8F500EBDB47 /* Build configuration list for PBXNativeTarget "Lirbus Pro do Librusa (macOS)" */;
			buildPhases = (
				8BD230582D2FC8F500EBDB47 /* Sources */,
				8BD230592D2FC8F500EBDB47 /* Frameworks */,
				8BD2305A2D2FC8F500EBDB47 /* Resources */,
				8BD230942D2FC8F500EBDB47 /* Embed Foundation Extensions */,
			);
			buildRules = (
			);
			dependencies = (
				8BD230762D2FC8F500EBDB47 /* PBXTargetDependency */,
			);
			name = "Lirbus Pro do Librusa (macOS)";
			packageProductDependencies = (
			);
			productName = "Lirbus Pro do Librusa (macOS)";
			productReference = 8BD2305C2D2FC8F500EBDB47 /* Lirbus Pro do Librusa.app */;
			productType = "com.apple.product-type.application";
		};
		8BD230682D2FC8F500EBDB47 /* Lirbus Pro do Librusa Extension (iOS) */ = {
			isa = PBXNativeTarget;
			buildConfigurationList = 8BD2308A2D2FC8F500EBDB47 /* Build configuration list for PBXNativeTarget "Lirbus Pro do Librusa Extension (iOS)" */;
			buildPhases = (
				8BD230652D2FC8F500EBDB47 /* Sources */,
				8BD230662D2FC8F500EBDB47 /* Frameworks */,
				8BD230672D2FC8F500EBDB47 /* Resources */,
			);
			buildRules = (
			);
			dependencies = (
			);
			name = "Lirbus Pro do Librusa Extension (iOS)";
			packageProductDependencies = (
			);
			productName = "Lirbus Pro do Librusa Extension (iOS)";
			productReference = 8BD230692D2FC8F500EBDB47 /* Lirbus Pro do Librusa Extension.appex */;
			productType = "com.apple.product-type.app-extension";
		};
		8BD230722D2FC8F500EBDB47 /* Lirbus Pro do Librusa Extension (macOS) */ = {
			isa = PBXNativeTarget;
			buildConfigurationList = 8BD230912D2FC8F500EBDB47 /* Build configuration list for PBXNativeTarget "Lirbus Pro do Librusa Extension (macOS)" */;
			buildPhases = (
				8BD2306F2D2FC8F500EBDB47 /* Sources */,
				8BD230702D2FC8F500EBDB47 /* Frameworks */,
				8BD230712D2FC8F500EBDB47 /* Resources */,
			);
			buildRules = (
			);
			dependencies = (
			);
			name = "Lirbus Pro do Librusa Extension (macOS)";
			packageProductDependencies = (
			);
			productName = "Lirbus Pro do Librusa Extension (macOS)";
			productReference = 8BD230732D2FC8F500EBDB47 /* Lirbus Pro do Librusa Extension.appex */;
			productType = "com.apple.product-type.app-extension";
		};
/* End PBXNativeTarget section */

/* Begin PBXProject section */
		8BD230372D2FC8F400EBDB47 /* Project object */ = {
			isa = PBXProject;
			attributes = {
				BuildIndependentTargetsInParallel = 1;
				LastSwiftUpdateCheck = 1620;
				LastUpgradeCheck = 1620;
				TargetAttributes = {
					8BD230492D2FC8F500EBDB47 = {
						CreatedOnToolsVersion = 16.2;
					};
					8BD2305B2D2FC8F500EBDB47 = {
						CreatedOnToolsVersion = 16.2;
					};
					8BD230682D2FC8F500EBDB47 = {
						CreatedOnToolsVersion = 16.2;
					};
					8BD230722D2FC8F500EBDB47 = {
						CreatedOnToolsVersion = 16.2;
					};
				};
			};
			buildConfigurationList = 8BD2303A2D2FC8F400EBDB47 /* Build configuration list for PBXProject "Librus Pro do Librusa" */;
			developmentRegion = en;
			hasScannedForEncodings = 0;
			knownRegions = (
				en,
				Base,
				pl,
			);
			mainGroup = 8BD230362D2FC8F400EBDB47;
			minimizedProjectReferenceProxies = 1;
			preferredProjectObjectVersion = 77;
			productRefGroup = 8BD2304B2D2FC8F500EBDB47 /* Products */;
			projectDirPath = "";
			projectRoot = "";
			targets = (
				8BD230492D2FC8F500EBDB47 /* Lirbus Pro do Librusa (iOS) */,
				8BD2305B2D2FC8F500EBDB47 /* Lirbus Pro do Librusa (macOS) */,
				8BD230682D2FC8F500EBDB47 /* Lirbus Pro do Librusa Extension (iOS) */,
				8BD230722D2FC8F500EBDB47 /* Lirbus Pro do Librusa Extension (macOS) */,
			);
		};
/* End PBXProject section */

/* Begin PBXResourcesBuildPhase section */
		8BD230482D2FC8F500EBDB47 /* Resources */ = {
			isa = PBXResourcesBuildPhase;
			buildActionMask = 2147483647;
			files = (
				8BD2307C2D2FC8F500EBDB47 /* Icon.png in Resources */,
				8BD230532D2FC8F500EBDB47 /* LaunchScreen.storyboard in Resources */,
				8BD2307A2D2FC8F500EBDB47 /* Main.html in Resources */,
				8BD230802D2FC8F500EBDB47 /* Script.js in Resources */,
				8BD230842D2FC8F500EBDB47 /* Assets.xcassets in Resources */,
				8BD230562D2FC8F500EBDB47 /* Main.storyboard in Resources */,
				8BD2307E2D2FC8F500EBDB47 /* Style.css in Resources */,
			);
			runOnlyForDeploymentPostprocessing = 0;
		};
		8BD2305A2D2FC8F500EBDB47 /* Resources */ = {
			isa = PBXResourcesBuildPhase;
			buildActionMask = 2147483647;
			files = (
				8BD2307D2D2FC8F500EBDB47 /* Icon.png in Resources */,
				8BD2307F2D2FC8F500EBDB47 /* Style.css in Resources */,
				8BD230622D2FC8F500EBDB47 /* Main.storyboard in Resources */,
				8BD230812D2FC8F500EBDB47 /* Script.js in Resources */,
				8BD230852D2FC8F500EBDB47 /* Assets.xcassets in Resources */,
				8BD2307B2D2FC8F500EBDB47 /* Main.html in Resources */,
			);
			runOnlyForDeploymentPostprocessing = 0;
		};
		8BD230672D2FC8F500EBDB47 /* Resources */ = {
			isa = PBXResourcesBuildPhase;
			buildActionMask = 2147483647;
			files = (
				8BD230C42D2FC8F600EBDB47 /* img in Resources */,
				8BD230C12D2FC8F600EBDB47 /* docs in Resources */,
				8BD230BF2D2FC8F600EBDB47 /* popup.html in Resources */,
				8BD230BB2D2FC8F600EBDB47 /* changelog.html in Resources */,
				8BD230B92D2FC8F600EBDB47 /* librus.js in Resources */,
				8BD230BC2D2FC8F600EBDB47 /* LICENSE in Resources */,
				8BD230BA2D2FC8F600EBDB47 /* popup.js in Resources */,
				8BD230C72D2FC8F600EBDB47 /* manifest.json in Resources */,
				8BD230BD2D2FC8F600EBDB47 /* background.js in Resources */,
				8BD230C22D2FC8F600EBDB47 /* librusPro.js in Resources */,
				8BD230C82D2FC8F600EBDB47 /* manifest_ff.json in Resources */,
				8BD230C52D2FC8F600EBDB47 /* librusPro.css in Resources */,
				8BD230C02D2FC8F600EBDB47 /* portal.js in Resources */,
				8BD230C62D2FC8F600EBDB47 /* README_en.md in Resources */,
				8BD230C32D2FC8F600EBDB47 /* README.md in Resources */,
				8BD230BE2D2FC8F600EBDB47 /* darkTheme.css in Resources */,
			);
			runOnlyForDeploymentPostprocessing = 0;
		};
		8BD230712D2FC8F500EBDB47 /* Resources */ = {
			isa = PBXResourcesBuildPhase;
			buildActionMask = 2147483647;
			files = (
				8BD230B42D2FC8F600EBDB47 /* img in Resources */,
				8BD230B12D2FC8F600EBDB47 /* docs in Resources */,
				8BD230AF2D2FC8F600EBDB47 /* popup.html in Resources */,
				8BD230AB2D2FC8F600EBDB47 /* changelog.html in Resources */,
				8BD230A92D2FC8F600EBDB47 /* librus.js in Resources */,
				8BD230AC2D2FC8F600EBDB47 /* LICENSE in Resources */,
				8BD230AA2D2FC8F600EBDB47 /* popup.js in Resources */,
				8BD230B72D2FC8F600EBDB47 /* manifest.json in Resources */,
				8BD230AD2D2FC8F600EBDB47 /* background.js in Resources */,
				8BD230B22D2FC8F600EBDB47 /* librusPro.js in Resources */,
				8BD230B82D2FC8F600EBDB47 /* manifest_ff.json in Resources */,
				8BD230B52D2FC8F600EBDB47 /* librusPro.css in Resources */,
				8BD230B02D2FC8F600EBDB47 /* portal.js in Resources */,
				8BD230B62D2FC8F600EBDB47 /* README_en.md in Resources */,
				8BD230B32D2FC8F600EBDB47 /* README.md in Resources */,
				8BD230AE2D2FC8F600EBDB47 /* darkTheme.css in Resources */,
			);
			runOnlyForDeploymentPostprocessing = 0;
		};
/* End PBXResourcesBuildPhase section */

/* Begin PBXSourcesBuildPhase section */
		8BD230462D2FC8F500EBDB47 /* Sources */ = {
			isa = PBXSourcesBuildPhase;
			buildActionMask = 2147483647;
			files = (
				8BD230822D2FC8F500EBDB47 /* ViewController.swift in Sources */,
				8BD2304E2D2FC8F500EBDB47 /* AppDelegate.swift in Sources */,
				8BD230502D2FC8F500EBDB47 /* SceneDelegate.swift in Sources */,
			);
			runOnlyForDeploymentPostprocessing = 0;
		};
		8BD230582D2FC8F500EBDB47 /* Sources */ = {
			isa = PBXSourcesBuildPhase;
			buildActionMask = 2147483647;
			files = (
				8BD230832D2FC8F500EBDB47 /* ViewController.swift in Sources */,
				8BD2305F2D2FC8F500EBDB47 /* AppDelegate.swift in Sources */,
			);
			runOnlyForDeploymentPostprocessing = 0;
		};
		8BD230652D2FC8F500EBDB47 /* Sources */ = {
			isa = PBXSourcesBuildPhase;
			buildActionMask = 2147483647;
			files = (
				8BD230862D2FC8F500EBDB47 /* SafariWebExtensionHandler.swift in Sources */,
			);
			runOnlyForDeploymentPostprocessing = 0;
		};
		8BD2306F2D2FC8F500EBDB47 /* Sources */ = {
			isa = PBXSourcesBuildPhase;
			buildActionMask = 2147483647;
			files = (
				8BD230872D2FC8F500EBDB47 /* SafariWebExtensionHandler.swift in Sources */,
			);
			runOnlyForDeploymentPostprocessing = 0;
		};
/* End PBXSourcesBuildPhase section */

/* Begin PBXTargetDependency section */
		8BD2306C2D2FC8F500EBDB47 /* PBXTargetDependency */ = {
			isa = PBXTargetDependency;
			target = 8BD230682D2FC8F500EBDB47 /* Lirbus Pro do Librusa Extension (iOS) */;
			targetProxy = 8BD2306B2D2FC8F500EBDB47 /* PBXContainerItemProxy */;
		};
		8BD230762D2FC8F500EBDB47 /* PBXTargetDependency */ = {
			isa = PBXTargetDependency;
			target = 8BD230722D2FC8F500EBDB47 /* Lirbus Pro do Librusa Extension (macOS) */;
			targetProxy = 8BD230752D2FC8F500EBDB47 /* PBXContainerItemProxy */;
		};
/* End PBXTargetDependency section */

/* Begin PBXVariantGroup section */
		8BD2303D2D2FC8F400EBDB47 /* Main.html */ = {
			isa = PBXVariantGroup;
			children = (
				8BD2303E2D2FC8F400EBDB47 /* Base */,
				8B72C4C32D2FD280005F81DD /* pl */,
			);
			name = Main.html;
			sourceTree = "<group>";
		};
		8BD230512D2FC8F500EBDB47 /* LaunchScreen.storyboard */ = {
			isa = PBXVariantGroup;
			children = (
				8BD230522D2FC8F500EBDB47 /* Base */,
				8B72C4C02D2FD280005F81DD /* pl */,
			);
			name = LaunchScreen.storyboard;
			sourceTree = "<group>";
		};
		8BD230542D2FC8F500EBDB47 /* Main.storyboard */ = {
			isa = PBXVariantGroup;
			children = (
				8BD230552D2FC8F500EBDB47 /* Base */,
				8B72C4C12D2FD280005F81DD /* pl */,
			);
			name = Main.storyboard;
			sourceTree = "<group>";
		};
		8BD230602D2FC8F500EBDB47 /* Main.storyboard */ = {
			isa = PBXVariantGroup;
			children = (
				8BD230612D2FC8F500EBDB47 /* Base */,
				8B72C4C22D2FD280005F81DD /* pl */,
			);
			name = Main.storyboard;
			sourceTree = "<group>";
		};
/* End PBXVariantGroup section */

/* Begin XCBuildConfiguration section */
		8BD230882D2FC8F500EBDB47 /* Debug */ = {
			isa = XCBuildConfiguration;
			buildSettings = {
				ALWAYS_SEARCH_USER_PATHS = NO;
				ASSETCATALOG_COMPILER_GENERATE_SWIFT_ASSET_SYMBOL_EXTENSIONS = YES;
				CLANG_ANALYZER_LOCALIZABILITY_NONLOCALIZED = YES;
				CLANG_ANALYZER_NONNULL = YES;
				CLANG_ANALYZER_NUMBER_OBJECT_CONVERSION = YES_AGGRESSIVE;
				CLANG_CXX_LANGUAGE_STANDARD = "gnu++20";
				CLANG_ENABLE_MODULES = YES;
				CLANG_ENABLE_OBJC_ARC = YES;
				CLANG_ENABLE_OBJC_WEAK = YES;
				CLANG_WARN_BLOCK_CAPTURE_AUTORELEASING = YES;
				CLANG_WARN_BOOL_CONVERSION = YES;
				CLANG_WARN_COMMA = YES;
				CLANG_WARN_CONSTANT_CONVERSION = YES;
				CLANG_WARN_DEPRECATED_OBJC_IMPLEMENTATIONS = YES;
				CLANG_WARN_DIRECT_OBJC_ISA_USAGE = YES_ERROR;
				CLANG_WARN_DOCUMENTATION_COMMENTS = YES;
				CLANG_WARN_EMPTY_BODY = YES;
				CLANG_WARN_ENUM_CONVERSION = YES;
				CLANG_WARN_INFINITE_RECURSION = YES;
				CLANG_WARN_INT_CONVERSION = YES;
				CLANG_WARN_NON_LITERAL_NULL_CONVERSION = YES;
				CLANG_WARN_OBJC_IMPLICIT_RETAIN_SELF = YES;
				CLANG_WARN_OBJC_LITERAL_CONVERSION = YES;
				CLANG_WARN_OBJC_ROOT_CLASS = YES_ERROR;
				CLANG_WARN_QUOTED_INCLUDE_IN_FRAMEWORK_HEADER = YES;
				CLANG_WARN_RANGE_LOOP_ANALYSIS = YES;
				CLANG_WARN_STRICT_PROTOTYPES = YES;
				CLANG_WARN_SUSPICIOUS_MOVE = YES;
				CLANG_WARN_UNGUARDED_AVAILABILITY = YES_AGGRESSIVE;
				CLANG_WARN_UNREACHABLE_CODE = YES;
				CLANG_WARN__DUPLICATE_METHOD_MATCH = YES;
				COPY_PHASE_STRIP = NO;
				DEBUG_INFORMATION_FORMAT = dwarf;
				ENABLE_STRICT_OBJC_MSGSEND = YES;
				ENABLE_TESTABILITY = YES;
				ENABLE_USER_SCRIPT_SANDBOXING = YES;
				GCC_C_LANGUAGE_STANDARD = gnu17;
				GCC_DYNAMIC_NO_PIC = NO;
				GCC_NO_COMMON_BLOCKS = YES;
				GCC_OPTIMIZATION_LEVEL = 0;
				GCC_PREPROCESSOR_DEFINITIONS = (
					"DEBUG=1",
					"$(inherited)",
				);
				GCC_WARN_64_TO_32_BIT_CONVERSION = YES;
				GCC_WARN_ABOUT_RETURN_TYPE = YES_ERROR;
				GCC_WARN_UNDECLARED_SELECTOR = YES;
				GCC_WARN_UNINITIALIZED_AUTOS = YES_AGGRESSIVE;
				GCC_WARN_UNUSED_FUNCTION = YES;
				GCC_WARN_UNUSED_VARIABLE = YES;
				LOCALIZATION_PREFERS_STRING_CATALOGS = YES;
				MTL_ENABLE_DEBUG_INFO = INCLUDE_SOURCE;
				MTL_FAST_MATH = YES;
				ONLY_ACTIVE_ARCH = YES;
				SWIFT_ACTIVE_COMPILATION_CONDITIONS = "DEBUG $(inherited)";
				SWIFT_OPTIMIZATION_LEVEL = "-Onone";
			};
			name = Debug;
		};
		8BD230892D2FC8F500EBDB47 /* Release */ = {
			isa = XCBuildConfiguration;
			buildSettings = {
				ALWAYS_SEARCH_USER_PATHS = NO;
				ASSETCATALOG_COMPILER_GENERATE_SWIFT_ASSET_SYMBOL_EXTENSIONS = YES;
				CLANG_ANALYZER_LOCALIZABILITY_NONLOCALIZED = YES;
				CLANG_ANALYZER_NONNULL = YES;
				CLANG_ANALYZER_NUMBER_OBJECT_CONVERSION = YES_AGGRESSIVE;
				CLANG_CXX_LANGUAGE_STANDARD = "gnu++20";
				CLANG_ENABLE_MODULES = YES;
				CLANG_ENABLE_OBJC_ARC = YES;
				CLANG_ENABLE_OBJC_WEAK = YES;
				CLANG_WARN_BLOCK_CAPTURE_AUTORELEASING = YES;
				CLANG_WARN_BOOL_CONVERSION = YES;
				CLANG_WARN_COMMA = YES;
				CLANG_WARN_CONSTANT_CONVERSION = YES;
				CLANG_WARN_DEPRECATED_OBJC_IMPLEMENTATIONS = YES;
				CLANG_WARN_DIRECT_OBJC_ISA_USAGE = YES_ERROR;
				CLANG_WARN_DOCUMENTATION_COMMENTS = YES;
				CLANG_WARN_EMPTY_BODY = YES;
				CLANG_WARN_ENUM_CONVERSION = YES;
				CLANG_WARN_INFINITE_RECURSION = YES;
				CLANG_WARN_INT_CONVERSION = YES;
				CLANG_WARN_NON_LITERAL_NULL_CONVERSION = YES;
				CLANG_WARN_OBJC_IMPLICIT_RETAIN_SELF = YES;
				CLANG_WARN_OBJC_LITERAL_CONVERSION = YES;
				CLANG_WARN_OBJC_ROOT_CLASS = YES_ERROR;
				CLANG_WARN_QUOTED_INCLUDE_IN_FRAMEWORK_HEADER = YES;
				CLANG_WARN_RANGE_LOOP_ANALYSIS = YES;
				CLANG_WARN_STRICT_PROTOTYPES = YES;
				CLANG_WARN_SUSPICIOUS_MOVE = YES;
				CLANG_WARN_UNGUARDED_AVAILABILITY = YES_AGGRESSIVE;
				CLANG_WARN_UNREACHABLE_CODE = YES;
				CLANG_WARN__DUPLICATE_METHOD_MATCH = YES;
				COPY_PHASE_STRIP = NO;
				DEBUG_INFORMATION_FORMAT = "dwarf-with-dsym";
				ENABLE_NS_ASSERTIONS = NO;
				ENABLE_STRICT_OBJC_MSGSEND = YES;
				ENABLE_USER_SCRIPT_SANDBOXING = YES;
				GCC_C_LANGUAGE_STANDARD = gnu17;
				GCC_NO_COMMON_BLOCKS = YES;
				GCC_WARN_64_TO_32_BIT_CONVERSION = YES;
				GCC_WARN_ABOUT_RETURN_TYPE = YES_ERROR;
				GCC_WARN_UNDECLARED_SELECTOR = YES;
				GCC_WARN_UNINITIALIZED_AUTOS = YES_AGGRESSIVE;
				GCC_WARN_UNUSED_FUNCTION = YES;
				GCC_WARN_UNUSED_VARIABLE = YES;
				LOCALIZATION_PREFERS_STRING_CATALOGS = YES;
				MTL_ENABLE_DEBUG_INFO = NO;
				MTL_FAST_MATH = YES;
				SWIFT_COMPILATION_MODE = wholemodule;
			};
			name = Release;
		};
		8BD2308B2D2FC8F500EBDB47 /* Debug */ = {
			isa = XCBuildConfiguration;
			buildSettings = {
				CODE_SIGN_STYLE = Automatic;
				CURRENT_PROJECT_VERSION = 1;
				DEVELOPMENT_TEAM = 5M784D869U;
				GENERATE_INFOPLIST_FILE = YES;
				INFOPLIST_FILE = "iOS (Extension)/Librus Pro do Librusanfo.plist";
				INFOPLIST_KEY_CFBundleDisplayName = "Librus Pro do Librusa";
				INFOPLIST_KEY_NSHumanReadableCopyright = "";
				IPHONEOS_DEPLOYMENT_TARGET = 15.0;
				LD_RUNPATH_SEARCH_PATHS = (
					"$(inherited)",
					"@executable_path/Frameworks",
					"@executable_path/../../Frameworks",
				);
				MARKETING_VERSION = 1.0;
				OTHER_LDFLAGS = (
					"-framework",
					SafariServices,
				);
				PRODUCT_BUNDLE_IDENTIFIER = xyz.parpok.LibrusProSafari.iOSSafariExtention;
				PRODUCT_NAME = "Lirbus Pro do Librusa Extension";
				SDKROOT = iphoneos;
				SKIP_INSTALL = YES;
				SWIFT_EMIT_LOC_STRINGS = YES;
				SWIFT_VERSION = 5.0;
				TARGETED_DEVICE_FAMILY = "1,2";
			};
			name = Debug;
		};
		8BD2308C2D2FC8F500EBDB47 /* Release */ = {
			isa = XCBuildConfiguration;
			buildSettings = {
				CODE_SIGN_STYLE = Automatic;
				CURRENT_PROJECT_VERSION = 1;
				DEVELOPMENT_TEAM = 5M784D869U;
				GENERATE_INFOPLIST_FILE = YES;
				INFOPLIST_FILE = "iOS (Extension)/Librus Pro do Librusanfo.plist";
				INFOPLIST_KEY_CFBundleDisplayName = "Librus Pro do Librusa";
				INFOPLIST_KEY_NSHumanReadableCopyright = "";
				IPHONEOS_DEPLOYMENT_TARGET = 15.0;
				LD_RUNPATH_SEARCH_PATHS = (
					"$(inherited)",
					"@executable_path/Frameworks",
					"@executable_path/../../Frameworks",
				);
				MARKETING_VERSION = 1.0;
				OTHER_LDFLAGS = (
					"-framework",
					SafariServices,
				);
				PRODUCT_BUNDLE_IDENTIFIER = xyz.parpok.LibrusProSafari.iOSSafariExtention;
				PRODUCT_NAME = "Lirbus Pro do Librusa Extension";
				SDKROOT = iphoneos;
				SKIP_INSTALL = YES;
				SWIFT_EMIT_LOC_STRINGS = YES;
				SWIFT_VERSION = 5.0;
				TARGETED_DEVICE_FAMILY = "1,2";
				VALIDATE_PRODUCT = YES;
			};
			name = Release;
		};
		8BD2308F2D2FC8F500EBDB47 /* Debug */ = {
			isa = XCBuildConfiguration;
			buildSettings = {
				ASSETCATALOG_COMPILER_APPICON_NAME = AppIcon;
				ASSETCATALOG_COMPILER_GLOBAL_ACCENT_COLOR_NAME = AccentColor;
				CODE_SIGN_STYLE = Automatic;
				CURRENT_PROJECT_VERSION = 1;
				DEVELOPMENT_TEAM = 5M784D869U;
				GENERATE_INFOPLIST_FILE = YES;
				INFOPLIST_FILE = "iOS (App)/Librus Pro do Librusanfo.plist";
				INFOPLIST_KEY_CFBundleDisplayName = "Librus Pro do Librusa";
				INFOPLIST_KEY_LSApplicationCategoryType = "public.app-category.education";
				INFOPLIST_KEY_UIApplicationSupportsIndirectInputEvents = YES;
				INFOPLIST_KEY_UILaunchStoryboardName = LaunchScreen;
				INFOPLIST_KEY_UIMainStoryboardFile = Main;
				INFOPLIST_KEY_UISupportedInterfaceOrientations = "UIInterfaceOrientationPortrait UIInterfaceOrientationLandscapeLeft UIInterfaceOrientationLandscapeRight";
				INFOPLIST_KEY_UISupportedInterfaceOrientations_iPad = "UIInterfaceOrientationPortrait UIInterfaceOrientationPortraitUpsideDown UIInterfaceOrientationLandscapeLeft UIInterfaceOrientationLandscapeRight";
				IPHONEOS_DEPLOYMENT_TARGET = 15.0;
				LD_RUNPATH_SEARCH_PATHS = (
					"$(inherited)",
					"@executable_path/Frameworks",
				);
				MARKETING_VERSION = 1.0;
				OTHER_LDFLAGS = (
					"-framework",
					SafariServices,
					"-framework",
					WebKit,
				);
				PRODUCT_BUNDLE_IDENTIFIER = xyz.parpok.LibrusProSafari;
				PRODUCT_NAME = "Lirbus Pro do Librusa";
				SDKROOT = iphoneos;
				SWIFT_EMIT_LOC_STRINGS = YES;
				SWIFT_VERSION = 5.0;
				TARGETED_DEVICE_FAMILY = "1,2";
			};
			name = Debug;
		};
		8BD230902D2FC8F500EBDB47 /* Release */ = {
			isa = XCBuildConfiguration;
			buildSettings = {
				ASSETCATALOG_COMPILER_APPICON_NAME = AppIcon;
				ASSETCATALOG_COMPILER_GLOBAL_ACCENT_COLOR_NAME = AccentColor;
				CODE_SIGN_STYLE = Automatic;
				CURRENT_PROJECT_VERSION = 1;
				DEVELOPMENT_TEAM = 5M784D869U;
				GENERATE_INFOPLIST_FILE = YES;
				INFOPLIST_FILE = "iOS (App)/Librus Pro do Librusanfo.plist";
				INFOPLIST_KEY_CFBundleDisplayName = "Librus Pro do Librusa";
				INFOPLIST_KEY_LSApplicationCategoryType = "public.app-category.education";
				INFOPLIST_KEY_UIApplicationSupportsIndirectInputEvents = YES;
				INFOPLIST_KEY_UILaunchStoryboardName = LaunchScreen;
				INFOPLIST_KEY_UIMainStoryboardFile = Main;
				INFOPLIST_KEY_UISupportedInterfaceOrientations = "UIInterfaceOrientationPortrait UIInterfaceOrientationLandscapeLeft UIInterfaceOrientationLandscapeRight";
				INFOPLIST_KEY_UISupportedInterfaceOrientations_iPad = "UIInterfaceOrientationPortrait UIInterfaceOrientationPortraitUpsideDown UIInterfaceOrientationLandscapeLeft UIInterfaceOrientationLandscapeRight";
				IPHONEOS_DEPLOYMENT_TARGET = 15.0;
				LD_RUNPATH_SEARCH_PATHS = (
					"$(inherited)",
					"@executable_path/Frameworks",
				);
				MARKETING_VERSION = 1.0;
				OTHER_LDFLAGS = (
					"-framework",
					SafariServices,
					"-framework",
					WebKit,
				);
				PRODUCT_BUNDLE_IDENTIFIER = xyz.parpok.LibrusProSafari;
				PRODUCT_NAME = "Lirbus Pro do Librusa";
				SDKROOT = iphoneos;
				SWIFT_EMIT_LOC_STRINGS = YES;
				SWIFT_VERSION = 5.0;
				TARGETED_DEVICE_FAMILY = "1,2";
				VALIDATE_PRODUCT = YES;
			};
			name = Release;
		};
		8BD230922D2FC8F500EBDB47 /* Debug */ = {
			isa = XCBuildConfiguration;
			buildSettings = {
				CODE_SIGN_ENTITLEMENTS = "macOS (Extension)/Lirbus Pro do Librusa.entitlements";
				CODE_SIGN_STYLE = Automatic;
				CURRENT_PROJECT_VERSION = 1;
				DEVELOPMENT_TEAM = 5M784D869U;
				ENABLE_HARDENED_RUNTIME = YES;
				GENERATE_INFOPLIST_FILE = YES;
				INFOPLIST_FILE = "macOS (Extension)/Info.plist";
				INFOPLIST_KEY_CFBundleDisplayName = "Librus Pro do Librusa";
				INFOPLIST_KEY_NSHumanReadableCopyright = "";
				LD_RUNPATH_SEARCH_PATHS = (
					"$(inherited)",
					"@executable_path/../Frameworks",
					"@executable_path/../../../../Frameworks",
				);
				MACOSX_DEPLOYMENT_TARGET = 10.14;
				MARKETING_VERSION = 1.0;
				OTHER_LDFLAGS = (
					"-framework",
					SafariServices,
				);
				PRODUCT_BUNDLE_IDENTIFIER = xyz.parpok.LibrusProSafari;
				PRODUCT_NAME = "Lirbus Pro do Librusa Extension";
				SDKROOT = macosx;
				SKIP_INSTALL = YES;
				SWIFT_EMIT_LOC_STRINGS = YES;
				SWIFT_VERSION = 5.0;
			};
			name = Debug;
		};
		8BD230932D2FC8F500EBDB47 /* Release */ = {
			isa = XCBuildConfiguration;
			buildSettings = {
				CODE_SIGN_ENTITLEMENTS = "macOS (Extension)/Lirbus Pro do Librusa.entitlements";
				CODE_SIGN_STYLE = Automatic;
				CURRENT_PROJECT_VERSION = 1;
				DEVELOPMENT_TEAM = 5M784D869U;
				ENABLE_HARDENED_RUNTIME = YES;
				GENERATE_INFOPLIST_FILE = YES;
				INFOPLIST_FILE = "macOS (Extension)/Info.plist";
				INFOPLIST_KEY_CFBundleDisplayName = "Librus Pro do Librusa";
				INFOPLIST_KEY_NSHumanReadableCopyright = "";
				LD_RUNPATH_SEARCH_PATHS = (
					"$(inherited)",
					"@executable_path/../Frameworks",
					"@executable_path/../../../../Frameworks",
				);
				MACOSX_DEPLOYMENT_TARGET = 10.14;
				MARKETING_VERSION = 1.0;
				OTHER_LDFLAGS = (
					"-framework",
					SafariServices,
				);
				PRODUCT_BUNDLE_IDENTIFIER = xyz.parpok.LibrusProSafari;
				PRODUCT_NAME = "Lirbus Pro do Librusa Extension";
				SDKROOT = macosx;
				SKIP_INSTALL = YES;
				SWIFT_EMIT_LOC_STRINGS = YES;
				SWIFT_VERSION = 5.0;
			};
			name = Release;
		};
		8BD230962D2FC8F500EBDB47 /* Debug */ = {
			isa = XCBuildConfiguration;
			buildSettings = {
				ASSETCATALOG_COMPILER_APPICON_NAME = AppIcon;
				ASSETCATALOG_COMPILER_GLOBAL_ACCENT_COLOR_NAME = AccentColor;
				CODE_SIGN_ENTITLEMENTS = "macOS (App)/Librus Pro do Librusa.entitlements";
				"CODE_SIGN_IDENTITY[sdk=macosx*]" = "Apple Development";
				CODE_SIGN_STYLE = Automatic;
				CURRENT_PROJECT_VERSION = 1;
				DEVELOPMENT_TEAM = 5M784D869U;
				ENABLE_HARDENED_RUNTIME = YES;
				GENERATE_INFOPLIST_FILE = YES;
				INFOPLIST_FILE = "macOS (App)/Librus Pro do Librusanfo.plist";
				INFOPLIST_KEY_CFBundleDisplayName = "Librus Pro do Librusa";
				INFOPLIST_KEY_NSMainStoryboardFile = Main;
				INFOPLIST_KEY_NSPrincipalClass = NSApplication;
				LD_RUNPATH_SEARCH_PATHS = (
					"$(inherited)",
					"@executable_path/../Frameworks",
				);
				MACOSX_DEPLOYMENT_TARGET = 10.14;
				MARKETING_VERSION = 1.0;
				OTHER_LDFLAGS = (
					"-framework",
					SafariServices,
					"-framework",
					WebKit,
				);
				PRODUCT_BUNDLE_IDENTIFIER = xyz.parpok.LibrusProSafari;
				PRODUCT_NAME = "Lirbus Pro do Librusa";
				SDKROOT = macosx;
				SWIFT_EMIT_LOC_STRINGS = YES;
				SWIFT_VERSION = 5.0;
			};
			name = Debug;
		};
		8BD230972D2FC8F500EBDB47 /* Release */ = {
			isa = XCBuildConfiguration;
			buildSettings = {
				ASSETCATALOG_COMPILER_APPICON_NAME = AppIcon;
				ASSETCATALOG_COMPILER_GLOBAL_ACCENT_COLOR_NAME = AccentColor;
				CODE_SIGN_ENTITLEMENTS = "macOS (App)/Librus Pro do Librusa.entitlements";
				"CODE_SIGN_IDENTITY[sdk=macosx*]" = "Apple Development";
				CODE_SIGN_STYLE = Automatic;
				CURRENT_PROJECT_VERSION = 1;
				DEVELOPMENT_TEAM = 5M784D869U;
				ENABLE_HARDENED_RUNTIME = YES;
				GENERATE_INFOPLIST_FILE = YES;
				INFOPLIST_FILE = "macOS (App)/Librus Pro do Librusanfo.plist";
				INFOPLIST_KEY_CFBundleDisplayName = "Librus Pro do Librusa";
				INFOPLIST_KEY_NSMainStoryboardFile = Main;
				INFOPLIST_KEY_NSPrincipalClass = NSApplication;
				LD_RUNPATH_SEARCH_PATHS = (
					"$(inherited)",
					"@executable_path/../Frameworks",
				);
				MACOSX_DEPLOYMENT_TARGET = 10.14;
				MARKETING_VERSION = 1.0;
				OTHER_LDFLAGS = (
					"-framework",
					SafariServices,
					"-framework",
					WebKit,
				);
				PRODUCT_BUNDLE_IDENTIFIER = xyz.parpok.LibrusProSafari;
				PRODUCT_NAME = "Lirbus Pro do Librusa";
				SDKROOT = macosx;
				SWIFT_EMIT_LOC_STRINGS = YES;
				SWIFT_VERSION = 5.0;
			};
			name = Release;
		};
/* End XCBuildConfiguration section */

/* Begin XCConfigurationList section */
		8BD2303A2D2FC8F400EBDB47 /* Build configuration list for PBXProject "Librus Pro do Librusa" */ = {
			isa = XCConfigurationList;
			buildConfigurations = (
				8BD230882D2FC8F500EBDB47 /* Debug */,
				8BD230892D2FC8F500EBDB47 /* Release */,
			);
			defaultConfigurationIsVisible = 0;
			defaultConfigurationName = Release;
		};
		8BD2308A2D2FC8F500EBDB47 /* Build configuration list for PBXNativeTarget "Lirbus Pro do Librusa Extension (iOS)" */ = {
			isa = XCConfigurationList;
			buildConfigurations = (
				8BD2308B2D2FC8F500EBDB47 /* Debug */,
				8BD2308C2D2FC8F500EBDB47 /* Release */,
			);
			defaultConfigurationIsVisible = 0;
			defaultConfigurationName = Release;
		};
		8BD2308E2D2FC8F500EBDB47 /* Build configuration list for PBXNativeTarget "Lirbus Pro do Librusa (iOS)" */ = {
			isa = XCConfigurationList;
			buildConfigurations = (
				8BD2308F2D2FC8F500EBDB47 /* Debug */,
				8BD230902D2FC8F500EBDB47 /* Release */,
			);
			defaultConfigurationIsVisible = 0;
			defaultConfigurationName = Release;
		};
		8BD230912D2FC8F500EBDB47 /* Build configuration list for PBXNativeTarget "Lirbus Pro do Librusa Extension (macOS)" */ = {
			isa = XCConfigurationList;
			buildConfigurations = (
				8BD230922D2FC8F500EBDB47 /* Debug */,
				8BD230932D2FC8F500EBDB47 /* Release */,
			);
			defaultConfigurationIsVisible = 0;
			defaultConfigurationName = Release;
		};
		8BD230952D2FC8F500EBDB47 /* Build configuration list for PBXNativeTarget "Lirbus Pro do Librusa (macOS)" */ = {
			isa = XCConfigurationList;
			buildConfigurations = (
				8BD230962D2FC8F500EBDB47 /* Debug */,
				8BD230972D2FC8F500EBDB47 /* Release */,
			);
			defaultConfigurationIsVisible = 0;
			defaultConfigurationName = Release;
		};
/* End XCConfigurationList section */
	};
	rootObject = 8BD230372D2FC8F400EBDB47 /* Project object */;
}
